{
    "hash": "1f3410c4d9ce8bf6a2e66cc3494480b8",
    "packages": [
        {
            "name": "codebendercc/arduino-files",
            "version": "dev-master",
            "source": {
                "type": "git",
                "url": "https://github.com/codebendercc/arduino-files",
                "reference": "10c22bb620f33e422f51037d9cba7377bacd2d78"
            },
            "dist": {
                "type": "zip",
                "url": "https://github.com/codebendercc/arduino-files/zipball/10c22bb620f33e422f51037d9cba7377bacd2d78",
                "reference": "10c22bb620f33e422f51037d9cba7377bacd2d78",
                "shasum": ""
            },
            "time": "1348071917",
            "type": "library",
            "installation-source": "source",
            "support": {
                "source": "https://github.com/codebendercc/arduino-files/tree/master",
                "issues": "https://github.com/codebendercc/arduino-files/issues"
            }
        }
    ],
    "packages-dev": null,
    "aliases": [

    ],
    "minimum-stability": "dev",
    "stability-flags": [

    ]
}
