{
    "hash": "1f3410c4d9ce8bf6a2e66cc3494480b8",
    "packages": [
        {
            "package": "codebendercc/arduino-files",
            "version": "dev-master",
            "source-reference": "06822e57f649ec2717af21b712cf113e85e600d0",
            "commit-date": "1346089072"
        }
    ],
    "packages-dev": null,
    "aliases": [

    ],
    "minimum-stability": "dev",
    "stability-flags": [

    ]
}
