{
    "hash": "1f3410c4d9ce8bf6a2e66cc3494480b8",
    "packages": [
        {
            "package": "codebendercc/arduino-files",
            "version": "dev-master",
            "source-reference": "fd4730da322ea5f3ff47e0f11e0605a874e792cd",
            "commit-date": "1342556636"
        }
    ],
    "packages-dev": null,
    "aliases": [

    ],
    "minimum-stability": "dev",
    "stability-flags": [

    ]
}
