{
    "hash": "1f3410c4d9ce8bf6a2e66cc3494480b8",
    "packages": [
        {
            "package": "codebendercc/arduino-files",
            "version": "dev-master",
            "source-reference": "cfe622227402e5eb9f34a961fe084b6b7252b725",
            "commit-date": "1342555417"
        }
    ],
    "packages-dev": null,
    "aliases": [

    ],
    "minimum-stability": "dev",
    "stability-flags": [

    ]
}
